
Microsoft Visual Studio Solution File, Format Version 12.00
# Visual Studio Version 17
VisualStudioVersion = 17.14.36518.9
MinimumVisualStudioVersion = 10.0.40219.1
Project("{FAE04EC0-301F-11D3-BF4B-00C04F79EFBC}") = "Restaurent", "Restaurent\Restaurent.csproj", "{8CB20ADE-2109-4375-BD85-B06F6035E3C4}"
EndProject
Project("{FAE04EC0-301F-11D3-BF4B-00C04F79EFBC}") = "Models", "Models\Models.csproj", "{C7E9DF71-86F3-4147-8FB0-0A16848D4418}"
EndProject
Project("{FAE04EC0-301F-11D3-BF4B-00C04F79EFBC}") = "Application", "Application\Application.csproj", "{81A0B5AA-665A-4DE3-BC1C-ACBCF2971345}"
EndProject
Project("{FAE04EC0-301F-11D3-BF4B-00C04F79EFBC}") = "Context", "Context\Context.csproj", "{1472D3BA-B224-4F20-A69A-EF9F23BB9722}"
EndProject
Project("{FAE04EC0-301F-11D3-BF4B-00C04F79EFBC}") = "DTOs", "DTOs\DTOs.csproj", "{EA091033-13C1-4392-BC1F-DD745709F5D6}"
EndProject
Project("{FAE04EC0-301F-11D3-BF4B-00C04F79EFBC}") = "Infrastructure", "Infrastructure\Infrastructure.csproj", "{17B0CDE5-8B0F-4435-8599-37DEFB6F9A72}"
EndProject
Global
	GlobalSection(SolutionConfigurationPlatforms) = preSolution
		Debug|Any CPU = Debug|Any CPU
		Release|Any CPU = Release|Any CPU
	EndGlobalSection
	GlobalSection(ProjectConfigurationPlatforms) = postSolution
		{8CB20ADE-2109-4375-BD85-B06F6035E3C4}.Debug|Any CPU.ActiveCfg = Debug|Any CPU
		{8CB20ADE-2109-4375-BD85-B06F6035E3C4}.Debug|Any CPU.Build.0 = Debug|Any CPU
		{8CB20ADE-2109-4375-BD85-B06F6035E3C4}.Release|Any CPU.ActiveCfg = Release|Any CPU
		{8CB20ADE-2109-4375-BD85-B06F6035E3C4}.Release|Any CPU.Build.0 = Release|Any CPU
		{C7E9DF71-86F3-4147-8FB0-0A16848D4418}.Debug|Any CPU.ActiveCfg = Debug|Any CPU
		{C7E9DF71-86F3-4147-8FB0-0A16848D4418}.Debug|Any CPU.Build.0 = Debug|Any CPU
		{C7E9DF71-86F3-4147-8FB0-0A16848D4418}.Release|Any CPU.ActiveCfg = Release|Any CPU
		{C7E9DF71-86F3-4147-8FB0-0A16848D4418}.Release|Any CPU.Build.0 = Release|Any CPU
		{81A0B5AA-665A-4DE3-BC1C-ACBCF2971345}.Debug|Any CPU.ActiveCfg = Debug|Any CPU
		{81A0B5AA-665A-4DE3-BC1C-ACBCF2971345}.Debug|Any CPU.Build.0 = Debug|Any CPU
		{81A0B5AA-665A-4DE3-BC1C-ACBCF2971345}.Release|Any CPU.ActiveCfg = Release|Any CPU
		{81A0B5AA-665A-4DE3-BC1C-ACBCF2971345}.Release|Any CPU.Build.0 = Release|Any CPU
		{1472D3BA-B224-4F20-A69A-EF9F23BB9722}.Debug|Any CPU.ActiveCfg = Debug|Any CPU
		{1472D3BA-B224-4F20-A69A-EF9F23BB9722}.Debug|Any CPU.Build.0 = Debug|Any CPU
		{1472D3BA-B224-4F20-A69A-EF9F23BB9722}.Release|Any CPU.ActiveCfg = Release|Any CPU
		{1472D3BA-B224-4F20-A69A-EF9F23BB9722}.Release|Any CPU.Build.0 = Release|Any CPU
		{EA091033-13C1-4392-BC1F-DD745709F5D6}.Debug|Any CPU.ActiveCfg = Debug|Any CPU
		{EA091033-13C1-4392-BC1F-DD745709F5D6}.Debug|Any CPU.Build.0 = Debug|Any CPU
		{EA091033-13C1-4392-BC1F-DD745709F5D6}.Release|Any CPU.ActiveCfg = Release|Any CPU
		{EA091033-13C1-4392-BC1F-DD745709F5D6}.Release|Any CPU.Build.0 = Release|Any CPU
		{17B0CDE5-8B0F-4435-8599-37DEFB6F9A72}.Debug|Any CPU.ActiveCfg = Debug|Any CPU
		{17B0CDE5-8B0F-4435-8599-37DEFB6F9A72}.Debug|Any CPU.Build.0 = Debug|Any CPU
		{17B0CDE5-8B0F-4435-8599-37DEFB6F9A72}.Release|Any CPU.ActiveCfg = Release|Any CPU
		{17B0CDE5-8B0F-4435-8599-37DEFB6F9A72}.Release|Any CPU.Build.0 = Release|Any CPU
	EndGlobalSection
	GlobalSection(SolutionProperties) = preSolution
		HideSolutionNode = FALSE
	EndGlobalSection
	GlobalSection(ExtensibilityGlobals) = postSolution
		SolutionGuid = {9DE94C1A-4767-43FF-ADF9-252CACE7AA12}
	EndGlobalSection
EndGlobal
